
Microsoft Visual Studio Solution File, Format Version 12.00
# Visual Studio Version 17
VisualStudioVersion = 17.14.36221.1 d17.14
MinimumVisualStudioVersion = 10.0.40219.1
Project("{FAE04EC0-301F-11D3-BF4B-00C04F79EFBC}") = "24SOECE13901_SAURAV_PANDIT_TUTORIAL_2", "24SOECE13901_SAURAV_PANDIT_TUTORIAL_2.csproj", "{13CC6463-E636-4AA1-8E33-2003D572119E}"
EndProject
Global
	GlobalSection(SolutionConfigurationPlatforms) = preSolution
		Debug|Any CPU = Debug|Any CPU
		Release|Any CPU = Release|Any CPU
	EndGlobalSection
	GlobalSection(ProjectConfigurationPlatforms) = postSolution
		{13CC6463-E636-4AA1-8E33-2003D572119E}.Debug|Any CPU.ActiveCfg = Debug|Any CPU
		{13CC6463-E636-4AA1-8E33-2003D572119E}.Debug|Any CPU.Build.0 = Debug|Any CPU
		{13CC6463-E636-4AA1-8E33-2003D572119E}.Release|Any CPU.ActiveCfg = Release|Any CPU
		{13CC6463-E636-4AA1-8E33-2003D572119E}.Release|Any CPU.Build.0 = Release|Any CPU
	EndGlobalSection
	GlobalSection(SolutionProperties) = preSolution
		HideSolutionNode = FALSE
	EndGlobalSection
	GlobalSection(ExtensibilityGlobals) = postSolution
		SolutionGuid = {F06EAE92-6A85-4F5E-BE73-4841B6A7C353}
	EndGlobalSection
EndGlobal
