
Microsoft Visual Studio Solution File, Format Version 12.00
# Visual Studio Version 17
VisualStudioVersion = 17.14.36221.1 d17.14
MinimumVisualStudioVersion = 10.0.40219.1
Project("{FAE04EC0-301F-11D3-BF4B-00C04F79EFBC}") = "24SOECE13901_SAURAV_PANDIT_Tutorial-4", "24SOECE13901_SAURAV_PANDIT_Tutorial-4.csproj", "{8B913398-23DA-48AB-B73C-72810F36FF0F}"
EndProject
Global
	GlobalSection(SolutionConfigurationPlatforms) = preSolution
		Debug|Any CPU = Debug|Any CPU
		Release|Any CPU = Release|Any CPU
	EndGlobalSection
	GlobalSection(ProjectConfigurationPlatforms) = postSolution
		{8B913398-23DA-48AB-B73C-72810F36FF0F}.Debug|Any CPU.ActiveCfg = Debug|Any CPU
		{8B913398-23DA-48AB-B73C-72810F36FF0F}.Debug|Any CPU.Build.0 = Debug|Any CPU
		{8B913398-23DA-48AB-B73C-72810F36FF0F}.Release|Any CPU.ActiveCfg = Release|Any CPU
		{8B913398-23DA-48AB-B73C-72810F36FF0F}.Release|Any CPU.Build.0 = Release|Any CPU
	EndGlobalSection
	GlobalSection(SolutionProperties) = preSolution
		HideSolutionNode = FALSE
	EndGlobalSection
	GlobalSection(ExtensibilityGlobals) = postSolution
		SolutionGuid = {8B118C86-5C16-42F3-95D2-03275DE314FD}
	EndGlobalSection
EndGlobal
