
Microsoft Visual Studio Solution File, Format Version 12.00
# Visual Studio Version 17
VisualStudioVersion = 17.14.36221.1 d17.14
MinimumVisualStudioVersion = 10.0.40219.1
Project("{FAE04EC0-301F-11D3-BF4B-00C04F79EFBC}") = "CIE1", "CIE1.csproj", "{BE4837CB-7F60-476D-9318-DDDFEC7B3FC8}"
EndProject
Global
	GlobalSection(SolutionConfigurationPlatforms) = preSolution
		Debug|Any CPU = Debug|Any CPU
		Release|Any CPU = Release|Any CPU
	EndGlobalSection
	GlobalSection(ProjectConfigurationPlatforms) = postSolution
		{BE4837CB-7F60-476D-9318-DDDFEC7B3FC8}.Debug|Any CPU.ActiveCfg = Debug|Any CPU
		{BE4837CB-7F60-476D-9318-DDDFEC7B3FC8}.Debug|Any CPU.Build.0 = Debug|Any CPU
		{BE4837CB-7F60-476D-9318-DDDFEC7B3FC8}.Release|Any CPU.ActiveCfg = Release|Any CPU
		{BE4837CB-7F60-476D-9318-DDDFEC7B3FC8}.Release|Any CPU.Build.0 = Release|Any CPU
	EndGlobalSection
	GlobalSection(SolutionProperties) = preSolution
		HideSolutionNode = FALSE
	EndGlobalSection
	GlobalSection(ExtensibilityGlobals) = postSolution
		SolutionGuid = {064B1B0A-6E7B-4490-9348-9282FC34C1D7}
	EndGlobalSection
EndGlobal
