
Microsoft Visual Studio Solution File, Format Version 12.00
# Visual Studio Version 17
VisualStudioVersion = 17.14.36221.1 d17.14
MinimumVisualStudioVersion = 10.0.40219.1
Project("{FAE04EC0-301F-11D3-BF4B-00C04F79EFBC}") = "24SOECE13901_Saurav_Pandit_DEMO_TEST_(Windoes Form)", "24SOECE13901_Saurav_Pandit_DEMO_TEST_(Windoes Form).csproj", "{E7C6147D-2B16-4B0F-88DD-2733C0E385A3}"
EndProject
Global
	GlobalSection(SolutionConfigurationPlatforms) = preSolution
		Debug|Any CPU = Debug|Any CPU
		Release|Any CPU = Release|Any CPU
	EndGlobalSection
	GlobalSection(ProjectConfigurationPlatforms) = postSolution
		{E7C6147D-2B16-4B0F-88DD-2733C0E385A3}.Debug|Any CPU.ActiveCfg = Debug|Any CPU
		{E7C6147D-2B16-4B0F-88DD-2733C0E385A3}.Debug|Any CPU.Build.0 = Debug|Any CPU
		{E7C6147D-2B16-4B0F-88DD-2733C0E385A3}.Release|Any CPU.ActiveCfg = Release|Any CPU
		{E7C6147D-2B16-4B0F-88DD-2733C0E385A3}.Release|Any CPU.Build.0 = Release|Any CPU
	EndGlobalSection
	GlobalSection(SolutionProperties) = preSolution
		HideSolutionNode = FALSE
	EndGlobalSection
	GlobalSection(ExtensibilityGlobals) = postSolution
		SolutionGuid = {30DB2A5C-EEC4-4D7C-8F50-90F5E29C0AA2}
	EndGlobalSection
EndGlobal
